
Microsoft Visual Studio Solution File, Format Version 12.00
# Visual Studio Version 17
VisualStudioVersion = 17.7.34009.444
MinimumVisualStudioVersion = 10.0.40219.1
Project("{9A19103F-16F7-4668-BE54-9A1E7A4F7556}") = "imPhotoshop.WPF", "imPhotoshop.WPF\imPhotoshop.WPF.csproj", "{02E44B74-23D1-43A9-A447-4A9C50207486}"
EndProject
Global
	GlobalSection(SolutionConfigurationPlatforms) = preSolution
		Debug|Any CPU = Debug|Any CPU
		Release|Any CPU = Release|Any CPU
	EndGlobalSection
	GlobalSection(ProjectConfigurationPlatforms) = postSolution
		{02E44B74-23D1-43A9-A447-4A9C50207486}.Debug|Any CPU.ActiveCfg = Debug|Any CPU
		{02E44B74-23D1-43A9-A447-4A9C50207486}.Debug|Any CPU.Build.0 = Debug|Any CPU
		{02E44B74-23D1-43A9-A447-4A9C50207486}.Release|Any CPU.ActiveCfg = Release|Any CPU
		{02E44B74-23D1-43A9-A447-4A9C50207486}.Release|Any CPU.Build.0 = Release|Any CPU
	EndGlobalSection
	GlobalSection(SolutionProperties) = preSolution
		HideSolutionNode = FALSE
	EndGlobalSection
	GlobalSection(ExtensibilityGlobals) = postSolution
		SolutionGuid = {A538A2BD-4533-4863-98D9-3579A86ABCB9}
	EndGlobalSection
EndGlobal
